{
  "requires": true,
  "lockfileVersion": 1,
  "dependencies": {
    "@code-templates/vkefallinos_ink": {
      "version": "1.3.0",
      "resolved": "https://registry.npmjs.org/@code-templates/vkefallinos_ink/-/vkefallinos_ink-1.3.0.tgz",
      "integrity": "sha512-zgyaJPy3Z0JkCskXW7jmQBTuThekfGGlQ7cCEev56CwmrK5mlFYmiYntWRlZu8ObV1PLVAkJIBDwe3N7vMwPxw==",
      "requires": {
        "@code-templates/vkefallinos_react": "1.1.6"
      }
    },
    "@code-templates/vkefallinos_react": {
      "version": "1.1.6",
      "resolved": "https://registry.npmjs.org/@code-templates/vkefallinos_react/-/vkefallinos_react-1.1.6.tgz",
      "integrity": "sha512-rlvZCJcIhhC6qhgdkf2OqUZpDqUkxGH4oA0XKSHzi4TuUwG//v41McRAJLRFb7kQCOE2xB3/udyNeYl8fVhVZg=="
    },
    "prettier": {
      "version": "1.19.1",
      "resolved": "https://registry.npmjs.org/prettier/-/prettier-1.19.1.tgz",
      "integrity": "sha512-s7PoyDv/II1ObgQunCbB9PdLmUcBZcnWOcxDh7O0N/UwDEsHyqkW+Qh28jW+mVuCdx7gLB0BotYI1Y6uI9iyew=="
    }
  }
}
